
Microsoft Visual Studio Solution File, Format Version 12.00
# Visual Studio Version 17
VisualStudioVersion = 17.9.34728.123
MinimumVisualStudioVersion = 10.0.40219.1
Project("{FAE04EC0-301F-11D3-BF4B-00C04F79EFBC}") = "cFecha", "cFecha.csproj", "{36BC53D2-658E-46A9-8AF2-520ED43A5FD6}"
EndProject
Global
	GlobalSection(SolutionConfigurationPlatforms) = preSolution
		Debug|Any CPU = Debug|Any CPU
		Release|Any CPU = Release|Any CPU
	EndGlobalSection
	GlobalSection(ProjectConfigurationPlatforms) = postSolution
		{36BC53D2-658E-46A9-8AF2-520ED43A5FD6}.Debug|Any CPU.ActiveCfg = Debug|Any CPU
		{36BC53D2-658E-46A9-8AF2-520ED43A5FD6}.Debug|Any CPU.Build.0 = Debug|Any CPU
		{36BC53D2-658E-46A9-8AF2-520ED43A5FD6}.Release|Any CPU.ActiveCfg = Release|Any CPU
		{36BC53D2-658E-46A9-8AF2-520ED43A5FD6}.Release|Any CPU.Build.0 = Release|Any CPU
	EndGlobalSection
	GlobalSection(SolutionProperties) = preSolution
		HideSolutionNode = FALSE
	EndGlobalSection
	GlobalSection(ExtensibilityGlobals) = postSolution
		SolutionGuid = {958D04AE-92A3-4BFE-9412-DB1C844182E0}
	EndGlobalSection
EndGlobal
