
Microsoft Visual Studio Solution File, Format Version 12.00
# Visual Studio Version 17
VisualStudioVersion = 17.9.34728.123
MinimumVisualStudioVersion = 10.0.40219.1
Project("{FAE04EC0-301F-11D3-BF4B-00C04F79EFBC}") = "appAlumno", "appAlumno.csproj", "{E76B9C3F-2117-4885-AD59-4D5F4EAC485B}"
EndProject
Global
	GlobalSection(SolutionConfigurationPlatforms) = preSolution
		Debug|Any CPU = Debug|Any CPU
		Release|Any CPU = Release|Any CPU
	EndGlobalSection
	GlobalSection(ProjectConfigurationPlatforms) = postSolution
		{E76B9C3F-2117-4885-AD59-4D5F4EAC485B}.Debug|Any CPU.ActiveCfg = Debug|Any CPU
		{E76B9C3F-2117-4885-AD59-4D5F4EAC485B}.Debug|Any CPU.Build.0 = Debug|Any CPU
		{E76B9C3F-2117-4885-AD59-4D5F4EAC485B}.Release|Any CPU.ActiveCfg = Release|Any CPU
		{E76B9C3F-2117-4885-AD59-4D5F4EAC485B}.Release|Any CPU.Build.0 = Release|Any CPU
	EndGlobalSection
	GlobalSection(SolutionProperties) = preSolution
		HideSolutionNode = FALSE
	EndGlobalSection
	GlobalSection(ExtensibilityGlobals) = postSolution
		SolutionGuid = {B69429DF-2C60-4994-9D12-B3283FA12587}
	EndGlobalSection
EndGlobal
